<?xml version="1.0" encoding="utf-8"?>
<Project ToolsVersion="4.0" xmlns="http://schemas.microsoft.com/developer/msbuild/2003">
  <ItemGroup>
    <Filter Include="Source Files">
      <UniqueIdentifier>{4FC737F1-C7A5-4376-A066-2A32D752A2FF}</UniqueIdentifier>
      <Extensions>cpp;c;cc;cxx;c++;cppm;ixx;def;odl;idl;hpj;bat;asm;asmx</Extensions>
    </Filter>
    <Filter Include="Header Files">
      <UniqueIdentifier>{93995380-89BD-4b04-88EB-625FBE52EBFB}</UniqueIdentifier>
      <Extensions>h;hh;hpp;hxx;h++;hm;inl;inc;ipp;xsd</Extensions>
    </Filter>
    <Filter Include="Resource Files">
      <UniqueIdentifier>{67DA6AB6-F800-4c08-8B7A-83BB121AAD01}</UniqueIdentifier>
      <Extensions>rc;ico;cur;bmp;dlg;rc2;rct;bin;rgs;gif;jpg;jpeg;jpe;resx;tiff;tif;png;wav;mfcribbon-ms</Extensions>
    </Filter>
    <Filter Include="Header Files\Components">
      <UniqueIdentifier>{18525e2d-2a9c-409d-bc1e-0718d86b7dec}</UniqueIdentifier>
    </Filter>
    <Filter Include="Header Files\Computes">
      <UniqueIdentifier>{ab5b1390-2104-4944-b814-ba83fd296931}</UniqueIdentifier>
    </Filter>
    <Filter Include="Source Files\Components">
      <UniqueIdentifier>{feae50a4-93c4-4589-bea6-2fee021c1784}</UniqueIdentifier>
    </Filter>
    <Filter Include="Source Files\Computes">
      <UniqueIdentifier>{282468ac-aa5e-4194-86e4-60381df2ffee}</UniqueIdentifier>
    </Filter>
  </ItemGroup>
  <ItemGroup>
    <ClInclude Include="pch.h">
      <Filter>Header Files</Filter>
    </ClInclude>
    <ClInclude Include="..\lib\NDevNodes.h">
      <Filter>Header Files</Filter>
    </ClInclude>
    <ClInclude Include="..\lib\NDevNodesComponent.h">
      <Filter>Header Files</Filter>
    </ClInclude>
    <ClInclude Include="..\lib\NDevNodesCompute.h">
      <Filter>Header Files</Filter>
    </ClInclude>
    <ClInclude Include="..\lib\NDevNodesConstruct.h">
      <Filter>Header Files</Filter>
    </ClInclude>
    <ClInclude Include="..\lib\NDevNodesNode.h">
      <Filter>Header Files</Filter>
    </ClInclude>
    <ClInclude Include="..\lib\NDevNodesComputes\NDevNodesSimplifyCompute.h">
      <Filter>Header Files\Computes</Filter>
    </ClInclude>
    <ClInclude Include="..\lib\NDevNodesComponents\NDevNodesContextComponent.h">
      <Filter>Header Files\Components</Filter>
    </ClInclude>
    <ClInclude Include="..\lib\NDevNodesComponents\NDevNodesDataComponent.h">
      <Filter>Header Files\Components</Filter>
    </ClInclude>
    <ClInclude Include="..\lib\NDevNodesComponents\NDevNodesNameComponent.h">
      <Filter>Header Files\Components</Filter>
    </ClInclude>
    <ClInclude Include="..\lib\NDevNodesComponents\NDevNodesTypeComponent.h">
      <Filter>Header Files\Components</Filter>
    </ClInclude>
    <ClInclude Include="..\lib\NDevNodesComponents.h">
      <Filter>Header Files</Filter>
    </ClInclude>
    <ClInclude Include="..\lib\NDevNodesComputes.h">
      <Filter>Header Files</Filter>
    </ClInclude>
    <ClInclude Include="..\lib\NDevObject.h">
      <Filter>Header Files</Filter>
    </ClInclude>
  </ItemGroup>
  <ItemGroup>
    <ClCompile Include="pch.cpp">
      <Filter>Source Files</Filter>
    </ClCompile>
    <ClCompile Include="NDevNodesComponent.cpp">
      <Filter>Source Files</Filter>
    </ClCompile>
    <ClCompile Include="NDevNodesCompute.cpp">
      <Filter>Source Files</Filter>
    </ClCompile>
    <ClCompile Include="NDevNodesConstruct.cpp">
      <Filter>Source Files</Filter>
    </ClCompile>
    <ClCompile Include="NDevNodesNode.cpp">
      <Filter>Source Files</Filter>
    </ClCompile>
    <ClCompile Include="NDevObject.cpp">
      <Filter>Source Files</Filter>
    </ClCompile>
  </ItemGroup>
</Project>